
Microsoft Visual Studio Solution File, Format Version 12.00
Project("{2150E333-8FDC-42A3-9474-1A3956D46DE8}") = "Solution Files", "Solution Files", "{594E5DA0-19FD-40BD-A063-0EF19B23BB79}"
	ProjectSection(SolutionItems) = preProject
		.gitignore = .gitignore
	EndProjectSection
EndProject
Project("{FAE04EC0-301F-11D3-BF4B-00C04F79EFBC}") = "ConfigurationSample.Console", "ConfigurationSample.Console\ConfigurationSample.Console.csproj", "{031A585D-E82F-4E20-8850-C0B7E70CB593}"
EndProject
Project("{FAE04EC0-301F-11D3-BF4B-00C04F79EFBC}") = "ConfigurationSample.WebApi", "ConfigurationSample.WebApi\ConfigurationSample.WebApi.csproj", "{8D940D35-C19B-4473-B321-9068392A3BD0}"
EndProject
Global
	GlobalSection(SolutionConfigurationPlatforms) = preSolution
		Debug|Any CPU = Debug|Any CPU
		Release|Any CPU = Release|Any CPU
	EndGlobalSection
	GlobalSection(ProjectConfigurationPlatforms) = postSolution
		{031A585D-E82F-4E20-8850-C0B7E70CB593}.Debug|Any CPU.ActiveCfg = Debug|Any CPU
		{031A585D-E82F-4E20-8850-C0B7E70CB593}.Debug|Any CPU.Build.0 = Debug|Any CPU
		{031A585D-E82F-4E20-8850-C0B7E70CB593}.Release|Any CPU.ActiveCfg = Release|Any CPU
		{031A585D-E82F-4E20-8850-C0B7E70CB593}.Release|Any CPU.Build.0 = Release|Any CPU
		{8D940D35-C19B-4473-B321-9068392A3BD0}.Debug|Any CPU.ActiveCfg = Debug|Any CPU
		{8D940D35-C19B-4473-B321-9068392A3BD0}.Debug|Any CPU.Build.0 = Debug|Any CPU
		{8D940D35-C19B-4473-B321-9068392A3BD0}.Release|Any CPU.ActiveCfg = Release|Any CPU
		{8D940D35-C19B-4473-B321-9068392A3BD0}.Release|Any CPU.Build.0 = Release|Any CPU
	EndGlobalSection
EndGlobal
